
Microsoft Visual Studio Solution File, Format Version 12.00
# Visual Studio Version 16
VisualStudioVersion = 16.0.29905.134
MinimumVisualStudioVersion = 10.0.40219.1
Project("{FAE04EC0-301F-11D3-BF4B-00C04F79EFBC}") = "DesignPatterns", "DesignPatterns\DesignPatterns.csproj", "{616ED2D3-3044-49AA-BE26-97250126A340}"
EndProject
Global
	GlobalSection(SolutionConfigurationPlatforms) = preSolution
		Debug|Any CPU = Debug|Any CPU
		Release|Any CPU = Release|Any CPU
	EndGlobalSection
	GlobalSection(ProjectConfigurationPlatforms) = postSolution
		{616ED2D3-3044-49AA-BE26-97250126A340}.Debug|Any CPU.ActiveCfg = Debug|Any CPU
		{616ED2D3-3044-49AA-BE26-97250126A340}.Debug|Any CPU.Build.0 = Debug|Any CPU
		{616ED2D3-3044-49AA-BE26-97250126A340}.Release|Any CPU.ActiveCfg = Release|Any CPU
		{616ED2D3-3044-49AA-BE26-97250126A340}.Release|Any CPU.Build.0 = Release|Any CPU
	EndGlobalSection
	GlobalSection(SolutionProperties) = preSolution
		HideSolutionNode = FALSE
	EndGlobalSection
	GlobalSection(ExtensibilityGlobals) = postSolution
		SolutionGuid = {1768EEF3-4404-40AA-840E-447C9A10CA5E}
	EndGlobalSection
EndGlobal
